schema: '2.0'
stages:
  prepare:
    cmd: python .\src\prepare.py data\raw.csv
    deps:
    - path: .\data\raw.csv
      hash: md5
      md5: f28ad4abfc14840a858bd78f8c0e3a23
      size: 808860
    - path: .\src\prepare.py
      hash: md5
      md5: 9302981eeef63de6213aa8bd3b691880
      size: 5983
    outs:
    - path: .\data\prepared
      hash: md5
      md5: e6220da471743a44adb25404ed81aa1a.dir
      size: 501018
      nfiles: 2
  portfolio:
    cmd: python .\src\portfolio.py .\data\prepared\Data_cleaned_filtered.csv .data\prepared\dtypes_dict.pkl
    deps:
    - path: .\data\prepared\Data_cleaned_filtered.csv
      hash: md5
      md5: 5325bdde055e1d731999975f327797aa
      size: 499513
    - path: .\data\prepared\dtypes_dict.pkl
      hash: md5
      md5: e64dd72e69b3544f997dabb0fc5e783b
      size: 1505
    - path: .\src\functions.py
      hash: md5
      md5: 85fb173c4c8af0034e3b400c16ce17d3
      size: 15767
    - path: .\src\portfolio.py
      hash: md5
      md5: fbd0baf951e694531a91d5f011d09850
      size: 4294
    outs:
    - path: .\data\portfolio
      hash: md5
      md5: dafecb76db26e200023b8a6e5aed8e00.dir
      size: 545987
      nfiles: 7
  univariate:
    cmd: python .\src\univariate.py .\data\portfolio\Train.csv .\data\portfolio\Test.csv
    deps:
    - path: .\data\portfolio\Test.csv
      hash: md5
      md5: dde2fd9d673dfd934ad353192fc6f367
      size: 75678
    - path: .\data\portfolio\Train.csv
      hash: md5
      md5: 0ca587ffc1262619eb5f8dcc992849fb
      size: 300355
    - path: .\data\prepared\dtypes_dict.pkl
      hash: md5
      md5: e64dd72e69b3544f997dabb0fc5e783b
      size: 1505
    - path: .\src\functions.py
      hash: md5
      md5: 85fb173c4c8af0034e3b400c16ce17d3
      size: 15767
    - path: .\src\univariate.py
      hash: md5
      md5: 34ebe3cc8c44fdfd42c141b4a5d0a6c4
      size: 6186
    outs:
    - path: .\data\univariate
      hash: md5
      md5: 9d42446fe6c02032cafd628406ade8ce.dir
      size: 1464469
      nfiles: 35
  modeling:
    cmd: python .\src\modeling.py .\data\univariate\Train.csv .\data\univariate\Test.csv
    deps:
    - path: .\data\univariate\Test.csv
      hash: md5
      md5: cabb82998bc7f514658763629feb1951
      size: 111629
    - path: .\data\univariate\Train.csv
      hash: md5
      md5: 569d2ac1ee7ee69a41e54e0f04c7065c
      size: 443822
    - path: .\data\univariate\dtypes_dict.pkl
      hash: md5
      md5: e64dd72e69b3544f997dabb0fc5e783b
      size: 1505
    - path: .\data\univariate\x_shortlisted.pkl
      hash: md5
      md5: aa7f878143b917210398cc7150bd4ebf
      size: 222
    - path: .\src\functions.py
      hash: md5
      md5: 85fb173c4c8af0034e3b400c16ce17d3
      size: 15767
    - path: .\src\modeling.py
      hash: md5
      md5: 28080fd0eeaaf15d37757951ad748009
      size: 5204
    outs:
    - path: .\data\modeling\
      hash: md5
      md5: b78b74582bace01803dd0f300efb510a.dir
      size: 32210
      nfiles: 3
